
Microsoft Visual Studio Solution File, Format Version 12.00
# Visual Studio 15
VisualStudioVersion = 15.0.27413.0
MinimumVisualStudioVersion = 10.0.40219.1
Project("{F2A71F9B-5D33-465A-A702-920D77279786}") = "FCT_Test", "FCT_Test\FCT_Test.fsproj", "{13E2FC5A-BDF3-44E8-8D81-A577602A1427}"
EndProject
Global
	GlobalSection(SolutionConfigurationPlatforms) = preSolution
		Debug|Any CPU = Debug|Any CPU
		Release|Any CPU = Release|Any CPU
	EndGlobalSection
	GlobalSection(ProjectConfigurationPlatforms) = postSolution
		{13E2FC5A-BDF3-44E8-8D81-A577602A1427}.Debug|Any CPU.ActiveCfg = Debug|Any CPU
		{13E2FC5A-BDF3-44E8-8D81-A577602A1427}.Debug|Any CPU.Build.0 = Debug|Any CPU
		{13E2FC5A-BDF3-44E8-8D81-A577602A1427}.Release|Any CPU.ActiveCfg = Release|Any CPU
		{13E2FC5A-BDF3-44E8-8D81-A577602A1427}.Release|Any CPU.Build.0 = Release|Any CPU
	EndGlobalSection
	GlobalSection(SolutionProperties) = preSolution
		HideSolutionNode = FALSE
	EndGlobalSection
	GlobalSection(ExtensibilityGlobals) = postSolution
		SolutionGuid = {5E40F53B-3652-4A25-B482-7757AD4CB17E}
	EndGlobalSection
EndGlobal
